
Microsoft Visual Studio Solution File, Format Version 12.00
# Visual Studio Version 17
VisualStudioVersion = 17.0.31903.59
MinimumVisualStudioVersion = 10.0.40219.1
Project("{FAE04EC0-301F-11D3-BF4B-00C04F79EFBC}") = "CursoFoop_SRP_Aderente", "CursoFoop_SRP_Aderente\CursoFoop_SRP_Aderente.csproj", "{5101C6FA-5CEE-4932-A79D-FD0ABF5ED89C}"
EndProject
Global
	GlobalSection(SolutionConfigurationPlatforms) = preSolution
		Debug|Any CPU = Debug|Any CPU
		Release|Any CPU = Release|Any CPU
	EndGlobalSection
	GlobalSection(ProjectConfigurationPlatforms) = postSolution
		{5101C6FA-5CEE-4932-A79D-FD0ABF5ED89C}.Debug|Any CPU.ActiveCfg = Debug|Any CPU
		{5101C6FA-5CEE-4932-A79D-FD0ABF5ED89C}.Debug|Any CPU.Build.0 = Debug|Any CPU
		{5101C6FA-5CEE-4932-A79D-FD0ABF5ED89C}.Release|Any CPU.ActiveCfg = Release|Any CPU
		{5101C6FA-5CEE-4932-A79D-FD0ABF5ED89C}.Release|Any CPU.Build.0 = Release|Any CPU
	EndGlobalSection
	GlobalSection(SolutionProperties) = preSolution
		HideSolutionNode = FALSE
	EndGlobalSection
	GlobalSection(ExtensibilityGlobals) = postSolution
		SolutionGuid = {EECBFAC8-ABEA-4044-BD3F-4E86782E074C}
	EndGlobalSection
EndGlobal
